// !$*UTF8*$!
{
	archiveVersion = 1;
	classes = {
	};
	objectVersion = 55;
	objects = {

/* Begin PBXBuildFile section */
		6947883D280F359E00D3170C /* AppDelegate.swift in Sources */ = {isa = PBXBuildFile; fileRef = 6947883C280F359E00D3170C /* AppDelegate.swift */; };
		6947883F280F359E00D3170C /* SceneDelegate.swift in Sources */ = {isa = PBXBuildFile; fileRef = 6947883E280F359E00D3170C /* SceneDelegate.swift */; };
		69478846280F35A000D3170C /* Assets.xcassets in Resources */ = {isa = PBXBuildFile; fileRef = 69478845280F35A000D3170C /* Assets.xcassets */; };
		69478849280F35A000D3170C /* LaunchScreen.storyboard in Resources */ = {isa = PBXBuildFile; fileRef = 69478847280F35A000D3170C /* LaunchScreen.storyboard */; };
		69478852280F38E300D3170C /* Main.storyboard in Resources */ = {isa = PBXBuildFile; fileRef = 69478851280F38E300D3170C /* Main.storyboard */; };
		69478856280F38FC00D3170C /* NewDataVC.swift in Sources */ = {isa = PBXBuildFile; fileRef = 69478854280F38FC00D3170C /* NewDataVC.swift */; };
		69478857280F38FC00D3170C /* ListViewController.swift in Sources */ = {isa = PBXBuildFile; fileRef = 69478855280F38FC00D3170C /* ListViewController.swift */; };
		6F3AC980AD3A09943333B6EF /* Pods_FirebaseFirestoreDemo.framework in Frameworks */ = {isa = PBXBuildFile; fileRef = 64C88B7322B81EFB32CF03F5 /* Pods_FirebaseFirestoreDemo.framework */; };
/* End PBXBuildFile section */

/* Begin PBXFileReference section */
		14C5F0787A5B2DEDBEEFB4A4 /* Pods-FirebaseFirestoreDemo.debug.xcconfig */ = {isa = PBXFileReference; includeInIndex = 1; lastKnownFileType = text.xcconfig; name = "Pods-FirebaseFirestoreDemo.debug.xcconfig"; path = "Target Support Files/Pods-FirebaseFirestoreDemo/Pods-FirebaseFirestoreDemo.debug.xcconfig"; sourceTree = "<group>"; };
		64C88B7322B81EFB32CF03F5 /* Pods_FirebaseFirestoreDemo.framework */ = {isa = PBXFileReference; explicitFileType = wrapper.framework; includeInIndex = 0; path = Pods_FirebaseFirestoreDemo.framework; sourceTree = BUILT_PRODUCTS_DIR; };
		69478839280F359E00D3170C /* FirebaseFirestoreDemo.app */ = {isa = PBXFileReference; explicitFileType = wrapper.application; includeInIndex = 0; path = FirebaseFirestoreDemo.app; sourceTree = BUILT_PRODUCTS_DIR; };
		6947883C280F359E00D3170C /* AppDelegate.swift */ = {isa = PBXFileReference; lastKnownFileType = sourcecode.swift; path = AppDelegate.swift; sourceTree = "<group>"; };
		6947883E280F359E00D3170C /* SceneDelegate.swift */ = {isa = PBXFileReference; lastKnownFileType = sourcecode.swift; path = SceneDelegate.swift; sourceTree = "<group>"; };
		69478845280F35A000D3170C /* Assets.xcassets */ = {isa = PBXFileReference; lastKnownFileType = folder.assetcatalog; path = Assets.xcassets; sourceTree = "<group>"; };
		69478848280F35A000D3170C /* Base */ = {isa = PBXFileReference; lastKnownFileType = file.storyboard; name = Base; path = Base.lproj/LaunchScreen.storyboard; sourceTree = "<group>"; };
		6947884A280F35A000D3170C /* Info.plist */ = {isa = PBXFileReference; lastKnownFileType = text.plist.xml; path = Info.plist; sourceTree = "<group>"; };
		69478851280F38E300D3170C /* Main.storyboard */ = {isa = PBXFileReference; fileEncoding = 4; lastKnownFileType = file.storyboard; path = Main.storyboard; sourceTree = "<group>"; };
		69478854280F38FC00D3170C /* NewDataVC.swift */ = {isa = PBXFileReference; fileEncoding = 4; lastKnownFileType = sourcecode.swift; path = NewDataVC.swift; sourceTree = "<group>"; };
		69478855280F38FC00D3170C /* ListViewController.swift */ = {isa = PBXFileReference; fileEncoding = 4; lastKnownFileType = sourcecode.swift; path = ListViewController.swift; sourceTree = "<group>"; };
		E71D2AC3494728CED7FB05ED /* Pods-FirebaseFirestoreDemo.release.xcconfig */ = {isa = PBXFileReference; includeInIndex = 1; lastKnownFileType = text.xcconfig; name = "Pods-FirebaseFirestoreDemo.release.xcconfig"; path = "Target Support Files/Pods-FirebaseFirestoreDemo/Pods-FirebaseFirestoreDemo.release.xcconfig"; sourceTree = "<group>"; };
/* End PBXFileReference section */

/* Begin PBXFrameworksBuildPhase section */
		69478836280F359E00D3170C /* Frameworks */ = {
			isa = PBXFrameworksBuildPhase;
			buildActionMask = 2147483647;
			files = (
				6F3AC980AD3A09943333B6EF /* Pods_FirebaseFirestoreDemo.framework in Frameworks */,
			);
			runOnlyForDeploymentPostprocessing = 0;
		};
/* End PBXFrameworksBuildPhase section */

/* Begin PBXGroup section */
		643094C36F94692DE3B67D22 /* Pods */ = {
			isa = PBXGroup;
			children = (
				14C5F0787A5B2DEDBEEFB4A4 /* Pods-FirebaseFirestoreDemo.debug.xcconfig */,
				E71D2AC3494728CED7FB05ED /* Pods-FirebaseFirestoreDemo.release.xcconfig */,
			);
			path = Pods;
			sourceTree = "<group>";
		};
		69478830280F359E00D3170C = {
			isa = PBXGroup;
			children = (
				6947883B280F359E00D3170C /* FirebaseFirestoreDemo */,
				6947883A280F359E00D3170C /* Products */,
				643094C36F94692DE3B67D22 /* Pods */,
				A68FD30534416C4849680186 /* Frameworks */,
			);
			sourceTree = "<group>";
		};
		6947883A280F359E00D3170C /* Products */ = {
			isa = PBXGroup;
			children = (
				69478839280F359E00D3170C /* FirebaseFirestoreDemo.app */,
			);
			name = Products;
			sourceTree = "<group>";
		};
		6947883B280F359E00D3170C /* FirebaseFirestoreDemo */ = {
			isa = PBXGroup;
			children = (
				6947883C280F359E00D3170C /* AppDelegate.swift */,
				6947883E280F359E00D3170C /* SceneDelegate.swift */,
				69478853280F38E800D3170C /* ViewController */,
				69478850280F38BA00D3170C /* Storyboard */,
				69478845280F35A000D3170C /* Assets.xcassets */,
				6947884A280F35A000D3170C /* Info.plist */,
			);
			path = FirebaseFirestoreDemo;
			sourceTree = "<group>";
		};
		69478850280F38BA00D3170C /* Storyboard */ = {
			isa = PBXGroup;
			children = (
				69478851280F38E300D3170C /* Main.storyboard */,
				69478847280F35A000D3170C /* LaunchScreen.storyboard */,
			);
			path = Storyboard;
			sourceTree = "<group>";
		};
		69478853280F38E800D3170C /* ViewController */ = {
			isa = PBXGroup;
			children = (
				69478855280F38FC00D3170C /* ListViewController.swift */,
				69478854280F38FC00D3170C /* NewDataVC.swift */,
			);
			path = ViewController;
			sourceTree = "<group>";
		};
		A68FD30534416C4849680186 /* Frameworks */ = {
			isa = PBXGroup;
			children = (
				64C88B7322B81EFB32CF03F5 /* Pods_FirebaseFirestoreDemo.framework */,
			);
			name = Frameworks;
			sourceTree = "<group>";
		};
/* End PBXGroup section */

/* Begin PBXNativeTarget section */
		69478838280F359E00D3170C /* FirebaseFirestoreDemo */ = {
			isa = PBXNativeTarget;
			buildConfigurationList = 6947884D280F35A000D3170C /* Build configuration list for PBXNativeTarget "FirebaseFirestoreDemo" */;
			buildPhases = (
				A30779E0A20672B1B8D65D73 /* [CP] Check Pods Manifest.lock */,
				69478835280F359E00D3170C /* Sources */,
				69478836280F359E00D3170C /* Frameworks */,
				69478837280F359E00D3170C /* Resources */,
				B1698EABCD8947FF77A63674 /* [CP] Embed Pods Frameworks */,
			);
			buildRules = (
			);
			dependencies = (
			);
			name = FirebaseFirestoreDemo;
			productName = FirebaseFirestoreDemo;
			productReference = 69478839280F359E00D3170C /* FirebaseFirestoreDemo.app */;
			productType = "com.apple.product-type.application";
		};
/* End PBXNativeTarget section */

/* Begin PBXProject section */
		69478831280F359E00D3170C /* Project object */ = {
			isa = PBXProject;
			attributes = {
				BuildIndependentTargetsInParallel = 1;
				LastSwiftUpdateCheck = 1320;
				LastUpgradeCheck = 1320;
				TargetAttributes = {
					69478838280F359E00D3170C = {
						CreatedOnToolsVersion = 13.2.1;
					};
				};
			};
			buildConfigurationList = 69478834280F359E00D3170C /* Build configuration list for PBXProject "FirebaseFirestoreDemo" */;
			compatibilityVersion = "Xcode 13.0";
			developmentRegion = en;
			hasScannedForEncodings = 0;
			knownRegions = (
				en,
				Base,
			);
			mainGroup = 69478830280F359E00D3170C;
			productRefGroup = 6947883A280F359E00D3170C /* Products */;
			projectDirPath = "";
			projectRoot = "";
			targets = (
				69478838280F359E00D3170C /* FirebaseFirestoreDemo */,
			);
		};
/* End PBXProject section */

/* Begin PBXResourcesBuildPhase section */
		69478837280F359E00D3170C /* Resources */ = {
			isa = PBXResourcesBuildPhase;
			buildActionMask = 2147483647;
			files = (
				69478852280F38E300D3170C /* Main.storyboard in Resources */,
				69478849280F35A000D3170C /* LaunchScreen.storyboard in Resources */,
				69478846280F35A000D3170C /* Assets.xcassets in Resources */,
			);
			runOnlyForDeploymentPostprocessing = 0;
		};
/* End PBXResourcesBuildPhase section */

/* Begin PBXShellScriptBuildPhase section */
		A30779E0A20672B1B8D65D73 /* [CP] Check Pods Manifest.lock */ = {
			isa = PBXShellScriptBuildPhase;
			buildActionMask = 2147483647;
			files = (
			);
			inputFileListPaths = (
			);
			inputPaths = (
				"${PODS_PODFILE_DIR_PATH}/Podfile.lock",
				"${PODS_ROOT}/Manifest.lock",
			);
			name = "[CP] Check Pods Manifest.lock";
			outputFileListPaths = (
			);
			outputPaths = (
				"$(DERIVED_FILE_DIR)/Pods-FirebaseFirestoreDemo-checkManifestLockResult.txt",
			);
			runOnlyForDeploymentPostprocessing = 0;
			shellPath = /bin/sh;
			shellScript = "diff \"${PODS_PODFILE_DIR_PATH}/Podfile.lock\" \"${PODS_ROOT}/Manifest.lock\" > /dev/null\nif [ $? != 0 ] ; then\n    # print error to STDERR\n    echo \"error: The sandbox is not in sync with the Podfile.lock. Run 'pod install' or update your CocoaPods installation.\" >&2\n    exit 1\nfi\n# This output is used by Xcode 'outputs' to avoid re-running this script phase.\necho \"SUCCESS\" > \"${SCRIPT_OUTPUT_FILE_0}\"\n";
			showEnvVarsInLog = 0;
		};
		B1698EABCD8947FF77A63674 /* [CP] Embed Pods Frameworks */ = {
			isa = PBXShellScriptBuildPhase;
			buildActionMask = 2147483647;
			files = (
			);
			inputFileListPaths = (
				"${PODS_ROOT}/Target Support Files/Pods-FirebaseFirestoreDemo/Pods-FirebaseFirestoreDemo-frameworks-${CONFIGURATION}-input-files.xcfilelist",
			);
			name = "[CP] Embed Pods Frameworks";
			outputFileListPaths = (
				"${PODS_ROOT}/Target Support Files/Pods-FirebaseFirestoreDemo/Pods-FirebaseFirestoreDemo-frameworks-${CONFIGURATION}-output-files.xcfilelist",
			);
			runOnlyForDeploymentPostprocessing = 0;
			shellPath = /bin/sh;
			shellScript = "\"${PODS_ROOT}/Target Support Files/Pods-FirebaseFirestoreDemo/Pods-FirebaseFirestoreDemo-frameworks.sh\"\n";
			showEnvVarsInLog = 0;
		};
/* End PBXShellScriptBuildPhase section */

/* Begin PBXSourcesBuildPhase section */
		69478835280F359E00D3170C /* Sources */ = {
			isa = PBXSourcesBuildPhase;
			buildActionMask = 2147483647;
			files = (
				6947883D280F359E00D3170C /* AppDelegate.swift in Sources */,
				6947883F280F359E00D3170C /* SceneDelegate.swift in Sources */,
				69478857280F38FC00D3170C /* ListViewController.swift in Sources */,
				69478856280F38FC00D3170C /* NewDataVC.swift in Sources */,
			);
			runOnlyForDeploymentPostprocessing = 0;
		};
/* End PBXSourcesBuildPhase section */

/* Begin PBXVariantGroup section */
		69478847280F35A000D3170C /* LaunchScreen.storyboard */ = {
			isa = PBXVariantGroup;
			children = (
				69478848280F35A000D3170C /* Base */,
			);
			name = LaunchScreen.storyboard;
			sourceTree = "<group>";
		};
/* End PBXVariantGroup section */

/* Begin XCBuildConfiguration section */
		6947884B280F35A000D3170C /* Debug */ = {
			isa = XCBuildConfiguration;
			buildSettings = {
				ALWAYS_SEARCH_USER_PATHS = NO;
				CLANG_ANALYZER_NONNULL = YES;
				CLANG_ANALYZER_NUMBER_OBJECT_CONVERSION = YES_AGGRESSIVE;
				CLANG_CXX_LANGUAGE_STANDARD = "gnu++17";
				CLANG_CXX_LIBRARY = "libc++";
				CLANG_ENABLE_MODULES = YES;
				CLANG_ENABLE_OBJC_ARC = YES;
				CLANG_ENABLE_OBJC_WEAK = YES;
				CLANG_WARN_BLOCK_CAPTURE_AUTORELEASING = YES;
				CLANG_WARN_BOOL_CONVERSION = YES;
				CLANG_WARN_COMMA = YES;
				CLANG_WARN_CONSTANT_CONVERSION = YES;
				CLANG_WARN_DEPRECATED_OBJC_IMPLEMENTATIONS = YES;
				CLANG_WARN_DIRECT_OBJC_ISA_USAGE = YES_ERROR;
				CLANG_WARN_DOCUMENTATION_COMMENTS = YES;
				CLANG_WARN_EMPTY_BODY = YES;
				CLANG_WARN_ENUM_CONVERSION = YES;
				CLANG_WARN_INFINITE_RECURSION = YES;
				CLANG_WARN_INT_CONVERSION = YES;
				CLANG_WARN_NON_LITERAL_NULL_CONVERSION = YES;
				CLANG_WARN_OBJC_IMPLICIT_RETAIN_SELF = YES;
				CLANG_WARN_OBJC_LITERAL_CONVERSION = YES;
				CLANG_WARN_OBJC_ROOT_CLASS = YES_ERROR;
				CLANG_WARN_QUOTED_INCLUDE_IN_FRAMEWORK_HEADER = YES;
				CLANG_WARN_RANGE_LOOP_ANALYSIS = YES;
				CLANG_WARN_STRICT_PROTOTYPES = YES;
				CLANG_WARN_SUSPICIOUS_MOVE = YES;
				CLANG_WARN_UNGUARDED_AVAILABILITY = YES_AGGRESSIVE;
				CLANG_WARN_UNREACHABLE_CODE = YES;
				CLANG_WARN__DUPLICATE_METHOD_MATCH = YES;
				COPY_PHASE_STRIP = NO;
				DEBUG_INFORMATION_FORMAT = dwarf;
				ENABLE_STRICT_OBJC_MSGSEND = YES;
				ENABLE_TESTABILITY = YES;
				GCC_C_LANGUAGE_STANDARD = gnu11;
				GCC_DYNAMIC_NO_PIC = NO;
				GCC_NO_COMMON_BLOCKS = YES;
				GCC_OPTIMIZATION_LEVEL = 0;
				GCC_PREPROCESSOR_DEFINITIONS = (
					"DEBUG=1",
					"$(inherited)",
				);
				GCC_WARN_64_TO_32_BIT_CONVERSION = YES;
				GCC_WARN_ABOUT_RETURN_TYPE = YES_ERROR;
				GCC_WARN_UNDECLARED_SELECTOR = YES;
				GCC_WARN_UNINITIALIZED_AUTOS = YES_AGGRESSIVE;
				GCC_WARN_UNUSED_FUNCTION = YES;
				GCC_WARN_UNUSED_VARIABLE = YES;
				IPHONEOS_DEPLOYMENT_TARGET = 15.2;
				MTL_ENABLE_DEBUG_INFO = INCLUDE_SOURCE;
				MTL_FAST_MATH = YES;
				ONLY_ACTIVE_ARCH = YES;
				SDKROOT = iphoneos;
				SWIFT_ACTIVE_COMPILATION_CONDITIONS = DEBUG;
				SWIFT_OPTIMIZATION_LEVEL = "-Onone";
			};
			name = Debug;
		};
		6947884C280F35A000D3170C /* Release */ = {
			isa = XCBuildConfiguration;
			buildSettings = {
				ALWAYS_SEARCH_USER_PATHS = NO;
				CLANG_ANALYZER_NONNULL = YES;
				CLANG_ANALYZER_NUMBER_OBJECT_CONVERSION = YES_AGGRESSIVE;
				CLANG_CXX_LANGUAGE_STANDARD = "gnu++17";
				CLANG_CXX_LIBRARY = "libc++";
				CLANG_ENABLE_MODULES = YES;
				CLANG_ENABLE_OBJC_ARC = YES;
				CLANG_ENABLE_OBJC_WEAK = YES;
				CLANG_WARN_BLOCK_CAPTURE_AUTORELEASING = YES;
				CLANG_WARN_BOOL_CONVERSION = YES;
				CLANG_WARN_COMMA = YES;
				CLANG_WARN_CONSTANT_CONVERSION = YES;
				CLANG_WARN_DEPRECATED_OBJC_IMPLEMENTATIONS = YES;
				CLANG_WARN_DIRECT_OBJC_ISA_USAGE = YES_ERROR;
				CLANG_WARN_DOCUMENTATION_COMMENTS = YES;
				CLANG_WARN_EMPTY_BODY = YES;
				CLANG_WARN_ENUM_CONVERSION = YES;
				CLANG_WARN_INFINITE_RECURSION = YES;
				CLANG_WARN_INT_CONVERSION = YES;
				CLANG_WARN_NON_LITERAL_NULL_CONVERSION = YES;
				CLANG_WARN_OBJC_IMPLICIT_RETAIN_SELF = YES;
				CLANG_WARN_OBJC_LITERAL_CONVERSION = YES;
				CLANG_WARN_OBJC_ROOT_CLASS = YES_ERROR;
				CLANG_WARN_QUOTED_INCLUDE_IN_FRAMEWORK_HEADER = YES;
				CLANG_WARN_RANGE_LOOP_ANALYSIS = YES;
				CLANG_WARN_STRICT_PROTOTYPES = YES;
				CLANG_WARN_SUSPICIOUS_MOVE = YES;
				CLANG_WARN_UNGUARDED_AVAILABILITY = YES_AGGRESSIVE;
				CLANG_WARN_UNREACHABLE_CODE = YES;
				CLANG_WARN__DUPLICATE_METHOD_MATCH = YES;
				COPY_PHASE_STRIP = NO;
				DEBUG_INFORMATION_FORMAT = "dwarf-with-dsym";
				ENABLE_NS_ASSERTIONS = NO;
				ENABLE_STRICT_OBJC_MSGSEND = YES;
				GCC_C_LANGUAGE_STANDARD = gnu11;
				GCC_NO_COMMON_BLOCKS = YES;
				GCC_WARN_64_TO_32_BIT_CONVERSION = YES;
				GCC_WARN_ABOUT_RETURN_TYPE = YES_ERROR;
				GCC_WARN_UNDECLARED_SELECTOR = YES;
				GCC_WARN_UNINITIALIZED_AUTOS = YES_AGGRESSIVE;
				GCC_WARN_UNUSED_FUNCTION = YES;
				GCC_WARN_UNUSED_VARIABLE = YES;
				IPHONEOS_DEPLOYMENT_TARGET = 15.2;
				MTL_ENABLE_DEBUG_INFO = NO;
				MTL_FAST_MATH = YES;
				SDKROOT = iphoneos;
				SWIFT_COMPILATION_MODE = wholemodule;
				SWIFT_OPTIMIZATION_LEVEL = "-O";
				VALIDATE_PRODUCT = YES;
			};
			name = Release;
		};
		6947884E280F35A000D3170C /* Debug */ = {
			isa = XCBuildConfiguration;
			baseConfigurationReference = 14C5F0787A5B2DEDBEEFB4A4 /* Pods-FirebaseFirestoreDemo.debug.xcconfig */;
			buildSettings = {
				ASSETCATALOG_COMPILER_APPICON_NAME = AppIcon;
				ASSETCATALOG_COMPILER_GLOBAL_ACCENT_COLOR_NAME = AccentColor;
				CODE_SIGN_STYLE = Automatic;
				CURRENT_PROJECT_VERSION = 1;
				GENERATE_INFOPLIST_FILE = YES;
				INFOPLIST_FILE = FirebaseFirestoreDemo/Info.plist;
				INFOPLIST_KEY_UIApplicationSupportsIndirectInputEvents = YES;
				INFOPLIST_KEY_UILaunchStoryboardName = LaunchScreen;
				INFOPLIST_KEY_UIMainStoryboardFile = Main;
				INFOPLIST_KEY_UISupportedInterfaceOrientations_iPad = "UIInterfaceOrientationPortrait UIInterfaceOrientationPortraitUpsideDown UIInterfaceOrientationLandscapeLeft UIInterfaceOrientationLandscapeRight";
				INFOPLIST_KEY_UISupportedInterfaceOrientations_iPhone = "UIInterfaceOrientationPortrait UIInterfaceOrientationLandscapeLeft UIInterfaceOrientationLandscapeRight";
				LD_RUNPATH_SEARCH_PATHS = (
					"$(inherited)",
					"@executable_path/Frameworks",
				);
				MARKETING_VERSION = 1.0;
				PRODUCT_BUNDLE_IDENTIFIER = vaibhav.FirebaseFirestoreDemo;
				PRODUCT_NAME = "$(TARGET_NAME)";
				SWIFT_EMIT_LOC_STRINGS = YES;
				SWIFT_VERSION = 5.0;
				TARGETED_DEVICE_FAMILY = "1,2";
			};
			name = Debug;
		};
		6947884F280F35A000D3170C /* Release */ = {
			isa = XCBuildConfiguration;
			baseConfigurationReference = E71D2AC3494728CED7FB05ED /* Pods-FirebaseFirestoreDemo.release.xcconfig */;
			buildSettings = {
				ASSETCATALOG_COMPILER_APPICON_NAME = AppIcon;
				ASSETCATALOG_COMPILER_GLOBAL_ACCENT_COLOR_NAME = AccentColor;
				CODE_SIGN_STYLE = Automatic;
				CURRENT_PROJECT_VERSION = 1;
				GENERATE_INFOPLIST_FILE = YES;
				INFOPLIST_FILE = FirebaseFirestoreDemo/Info.plist;
				INFOPLIST_KEY_UIApplicationSupportsIndirectInputEvents = YES;
				INFOPLIST_KEY_UILaunchStoryboardName = LaunchScreen;
				INFOPLIST_KEY_UIMainStoryboardFile = Main;
				INFOPLIST_KEY_UISupportedInterfaceOrientations_iPad = "UIInterfaceOrientationPortrait UIInterfaceOrientationPortraitUpsideDown UIInterfaceOrientationLandscapeLeft UIInterfaceOrientationLandscapeRight";
				INFOPLIST_KEY_UISupportedInterfaceOrientations_iPhone = "UIInterfaceOrientationPortrait UIInterfaceOrientationLandscapeLeft UIInterfaceOrientationLandscapeRight";
				LD_RUNPATH_SEARCH_PATHS = (
					"$(inherited)",
					"@executable_path/Frameworks",
				);
				MARKETING_VERSION = 1.0;
				PRODUCT_BUNDLE_IDENTIFIER = vaibhav.FirebaseFirestoreDemo;
				PRODUCT_NAME = "$(TARGET_NAME)";
				SWIFT_EMIT_LOC_STRINGS = YES;
				SWIFT_VERSION = 5.0;
				TARGETED_DEVICE_FAMILY = "1,2";
			};
			name = Release;
		};
/* End XCBuildConfiguration section */

/* Begin XCConfigurationList section */
		69478834280F359E00D3170C /* Build configuration list for PBXProject "FirebaseFirestoreDemo" */ = {
			isa = XCConfigurationList;
			buildConfigurations = (
				6947884B280F35A000D3170C /* Debug */,
				6947884C280F35A000D3170C /* Release */,
			);
			defaultConfigurationIsVisible = 0;
			defaultConfigurationName = Release;
		};
		6947884D280F35A000D3170C /* Build configuration list for PBXNativeTarget "FirebaseFirestoreDemo" */ = {
			isa = XCConfigurationList;
			buildConfigurations = (
				6947884E280F35A000D3170C /* Debug */,
				6947884F280F35A000D3170C /* Release */,
			);
			defaultConfigurationIsVisible = 0;
			defaultConfigurationName = Release;
		};
/* End XCConfigurationList section */
	};
	rootObject = 69478831280F359E00D3170C /* Project object */;
}
